
Microsoft Visual Studio Solution File, Format Version 12.00
# Visual Studio 14
VisualStudioVersion = 14.0.25420.1
MinimumVisualStudioVersion = 10.0.40219.1
Project("{D954291E-2A0B-460D-934E-DC6B0785DB48}") = "Spotch", "Spotch\Spotch\Spotch.shproj", "{F037E873-7535-4D50-8B89-2A7BE95B7DDD}"
EndProject
Project("{FAE04EC0-301F-11D3-BF4B-00C04F79EFBC}") = "Spotch.Droid", "Spotch\Spotch.Droid\Spotch.Droid.csproj", "{3CBCE775-9129-4F05-A2C7-5E2CF6446ADD}"
EndProject
Project("{FAE04EC0-301F-11D3-BF4B-00C04F79EFBC}") = "Spotch.iOS", "Spotch\Spotch.iOS\Spotch.iOS.csproj", "{A7E1389D-A442-4EBA-B93A-AB6501FFE213}"
EndProject
Project("{FAE04EC0-301F-11D3-BF4B-00C04F79EFBC}") = "Spotch.WinPhone", "Spotch\Spotch.WinPhone\Spotch.WinPhone.csproj", "{139C3444-FE6C-482B-9D1E-FCA46B2A11E2}"
EndProject
Project("{FAE04EC0-301F-11D3-BF4B-00C04F79EFBC}") = "Spotch.UWP", "Spotch\Spotch.UWP\Spotch.UWP.csproj", "{7ACF1C09-4A68-4273-9A9C-850E862EF38E}"
EndProject
Project("{FAE04EC0-301F-11D3-BF4B-00C04F79EFBC}") = "Spotch.Windows", "Spotch\Spotch.Windows\Spotch.Windows.csproj", "{29CD4F27-901B-4F02-8BCF-D1591690B54A}"
EndProject
Global
	GlobalSection(SharedMSBuildProjectFiles) = preSolution
		Spotch\Spotch\Spotch.projitems*{3cbce775-9129-4f05-a2c7-5e2cf6446add}*SharedItemsImports = 4
		Spotch\Spotch\Spotch.projitems*{a7e1389d-a442-4eba-b93a-ab6501ffe213}*SharedItemsImports = 4
		Spotch\Spotch\Spotch.projitems*{f037e873-7535-4d50-8b89-2a7be95b7ddd}*SharedItemsImports = 13
	EndGlobalSection
	GlobalSection(SolutionConfigurationPlatforms) = preSolution
		Ad-Hoc|Any CPU = Ad-Hoc|Any CPU
		Ad-Hoc|ARM = Ad-Hoc|ARM
		Ad-Hoc|iPhone = Ad-Hoc|iPhone
		Ad-Hoc|iPhoneSimulator = Ad-Hoc|iPhoneSimulator
		Ad-Hoc|x64 = Ad-Hoc|x64
		Ad-Hoc|x86 = Ad-Hoc|x86
		AppStore|Any CPU = AppStore|Any CPU
		AppStore|ARM = AppStore|ARM
		AppStore|iPhone = AppStore|iPhone
		AppStore|iPhoneSimulator = AppStore|iPhoneSimulator
		AppStore|x64 = AppStore|x64
		AppStore|x86 = AppStore|x86
		Debug|Any CPU = Debug|Any CPU
		Debug|ARM = Debug|ARM
		Debug|iPhone = Debug|iPhone
		Debug|iPhoneSimulator = Debug|iPhoneSimulator
		Debug|x64 = Debug|x64
		Debug|x86 = Debug|x86
		Release|Any CPU = Release|Any CPU
		Release|ARM = Release|ARM
		Release|iPhone = Release|iPhone
		Release|iPhoneSimulator = Release|iPhoneSimulator
		Release|x64 = Release|x64
		Release|x86 = Release|x86
	EndGlobalSection
	GlobalSection(ProjectConfigurationPlatforms) = postSolution
		{3CBCE775-9129-4F05-A2C7-5E2CF6446ADD}.Ad-Hoc|Any CPU.ActiveCfg = Release|Any CPU
		{3CBCE775-9129-4F05-A2C7-5E2CF6446ADD}.Ad-Hoc|Any CPU.Build.0 = Release|Any CPU
		{3CBCE775-9129-4F05-A2C7-5E2CF6446ADD}.Ad-Hoc|Any CPU.Deploy.0 = Release|Any CPU
		{3CBCE775-9129-4F05-A2C7-5E2CF6446ADD}.Ad-Hoc|ARM.ActiveCfg = Release|Any CPU
		{3CBCE775-9129-4F05-A2C7-5E2CF6446ADD}.Ad-Hoc|ARM.Build.0 = Release|Any CPU
		{3CBCE775-9129-4F05-A2C7-5E2CF6446ADD}.Ad-Hoc|ARM.Deploy.0 = Release|Any CPU
		{3CBCE775-9129-4F05-A2C7-5E2CF6446ADD}.Ad-Hoc|iPhone.ActiveCfg = Release|Any CPU
		{3CBCE775-9129-4F05-A2C7-5E2CF6446ADD}.Ad-Hoc|iPhone.Build.0 = Release|Any CPU
		{3CBCE775-9129-4F05-A2C7-5E2CF6446ADD}.Ad-Hoc|iPhone.Deploy.0 = Release|Any CPU
		{3CBCE775-9129-4F05-A2C7-5E2CF6446ADD}.Ad-Hoc|iPhoneSimulator.ActiveCfg = Release|Any CPU
		{3CBCE775-9129-4F05-A2C7-5E2CF6446ADD}.Ad-Hoc|iPhoneSimulator.Build.0 = Release|Any CPU
		{3CBCE775-9129-4F05-A2C7-5E2CF6446ADD}.Ad-Hoc|iPhoneSimulator.Deploy.0 = Release|Any CPU
		{3CBCE775-9129-4F05-A2C7-5E2CF6446ADD}.Ad-Hoc|x64.ActiveCfg = Release|Any CPU
		{3CBCE775-9129-4F05-A2C7-5E2CF6446ADD}.Ad-Hoc|x64.Build.0 = Release|Any CPU
		{3CBCE775-9129-4F05-A2C7-5E2CF6446ADD}.Ad-Hoc|x64.Deploy.0 = Release|Any CPU
		{3CBCE775-9129-4F05-A2C7-5E2CF6446ADD}.Ad-Hoc|x86.ActiveCfg = Release|Any CPU
		{3CBCE775-9129-4F05-A2C7-5E2CF6446ADD}.Ad-Hoc|x86.Build.0 = Release|Any CPU
		{3CBCE775-9129-4F05-A2C7-5E2CF6446ADD}.Ad-Hoc|x86.Deploy.0 = Release|Any CPU
		{3CBCE775-9129-4F05-A2C7-5E2CF6446ADD}.AppStore|Any CPU.ActiveCfg = Release|Any CPU
		{3CBCE775-9129-4F05-A2C7-5E2CF6446ADD}.AppStore|Any CPU.Build.0 = Release|Any CPU
		{3CBCE775-9129-4F05-A2C7-5E2CF6446ADD}.AppStore|Any CPU.Deploy.0 = Release|Any CPU
		{3CBCE775-9129-4F05-A2C7-5E2CF6446ADD}.AppStore|ARM.ActiveCfg = Release|Any CPU
		{3CBCE775-9129-4F05-A2C7-5E2CF6446ADD}.AppStore|ARM.Build.0 = Release|Any CPU
		{3CBCE775-9129-4F05-A2C7-5E2CF6446ADD}.AppStore|ARM.Deploy.0 = Release|Any CPU
		{3CBCE775-9129-4F05-A2C7-5E2CF6446ADD}.AppStore|iPhone.ActiveCfg = Release|Any CPU
		{3CBCE775-9129-4F05-A2C7-5E2CF6446ADD}.AppStore|iPhone.Build.0 = Release|Any CPU
		{3CBCE775-9129-4F05-A2C7-5E2CF6446ADD}.AppStore|iPhone.Deploy.0 = Release|Any CPU
		{3CBCE775-9129-4F05-A2C7-5E2CF6446ADD}.AppStore|iPhoneSimulator.ActiveCfg = Release|Any CPU
		{3CBCE775-9129-4F05-A2C7-5E2CF6446ADD}.AppStore|iPhoneSimulator.Build.0 = Release|Any CPU
		{3CBCE775-9129-4F05-A2C7-5E2CF6446ADD}.AppStore|iPhoneSimulator.Deploy.0 = Release|Any CPU
		{3CBCE775-9129-4F05-A2C7-5E2CF6446ADD}.AppStore|x64.ActiveCfg = Release|Any CPU
		{3CBCE775-9129-4F05-A2C7-5E2CF6446ADD}.AppStore|x64.Build.0 = Release|Any CPU
		{3CBCE775-9129-4F05-A2C7-5E2CF6446ADD}.AppStore|x64.Deploy.0 = Release|Any CPU
		{3CBCE775-9129-4F05-A2C7-5E2CF6446ADD}.AppStore|x86.ActiveCfg = Release|Any CPU
		{3CBCE775-9129-4F05-A2C7-5E2CF6446ADD}.AppStore|x86.Build.0 = Release|Any CPU
		{3CBCE775-9129-4F05-A2C7-5E2CF6446ADD}.AppStore|x86.Deploy.0 = Release|Any CPU
		{3CBCE775-9129-4F05-A2C7-5E2CF6446ADD}.Debug|Any CPU.ActiveCfg = Debug|Any CPU
		{3CBCE775-9129-4F05-A2C7-5E2CF6446ADD}.Debug|Any CPU.Build.0 = Debug|Any CPU
		{3CBCE775-9129-4F05-A2C7-5E2CF6446ADD}.Debug|Any CPU.Deploy.0 = Debug|Any CPU
		{3CBCE775-9129-4F05-A2C7-5E2CF6446ADD}.Debug|ARM.ActiveCfg = Debug|Any CPU
		{3CBCE775-9129-4F05-A2C7-5E2CF6446ADD}.Debug|ARM.Build.0 = Debug|Any CPU
		{3CBCE775-9129-4F05-A2C7-5E2CF6446ADD}.Debug|ARM.Deploy.0 = Debug|Any CPU
		{3CBCE775-9129-4F05-A2C7-5E2CF6446ADD}.Debug|iPhone.ActiveCfg = Debug|Any CPU
		{3CBCE775-9129-4F05-A2C7-5E2CF6446ADD}.Debug|iPhone.Build.0 = Debug|Any CPU
		{3CBCE775-9129-4F05-A2C7-5E2CF6446ADD}.Debug|iPhone.Deploy.0 = Debug|Any CPU
		{3CBCE775-9129-4F05-A2C7-5E2CF6446ADD}.Debug|iPhoneSimulator.ActiveCfg = Debug|Any CPU
		{3CBCE775-9129-4F05-A2C7-5E2CF6446ADD}.Debug|iPhoneSimulator.Build.0 = Debug|Any CPU
		{3CBCE775-9129-4F05-A2C7-5E2CF6446ADD}.Debug|iPhoneSimulator.Deploy.0 = Debug|Any CPU
		{3CBCE775-9129-4F05-A2C7-5E2CF6446ADD}.Debug|x64.ActiveCfg = Debug|Any CPU
		{3CBCE775-9129-4F05-A2C7-5E2CF6446ADD}.Debug|x64.Build.0 = Debug|Any CPU
		{3CBCE775-9129-4F05-A2C7-5E2CF6446ADD}.Debug|x64.Deploy.0 = Debug|Any CPU
		{3CBCE775-9129-4F05-A2C7-5E2CF6446ADD}.Debug|x86.ActiveCfg = Debug|Any CPU
		{3CBCE775-9129-4F05-A2C7-5E2CF6446ADD}.Debug|x86.Build.0 = Debug|Any CPU
		{3CBCE775-9129-4F05-A2C7-5E2CF6446ADD}.Debug|x86.Deploy.0 = Debug|Any CPU
		{3CBCE775-9129-4F05-A2C7-5E2CF6446ADD}.Release|Any CPU.ActiveCfg = Release|Any CPU
		{3CBCE775-9129-4F05-A2C7-5E2CF6446ADD}.Release|Any CPU.Build.0 = Release|Any CPU
		{3CBCE775-9129-4F05-A2C7-5E2CF6446ADD}.Release|Any CPU.Deploy.0 = Release|Any CPU
		{3CBCE775-9129-4F05-A2C7-5E2CF6446ADD}.Release|ARM.ActiveCfg = Release|Any CPU
		{3CBCE775-9129-4F05-A2C7-5E2CF6446ADD}.Release|ARM.Build.0 = Release|Any CPU
		{3CBCE775-9129-4F05-A2C7-5E2CF6446ADD}.Release|ARM.Deploy.0 = Release|Any CPU
		{3CBCE775-9129-4F05-A2C7-5E2CF6446ADD}.Release|iPhone.ActiveCfg = Release|Any CPU
		{3CBCE775-9129-4F05-A2C7-5E2CF6446ADD}.Release|iPhone.Build.0 = Release|Any CPU
		{3CBCE775-9129-4F05-A2C7-5E2CF6446ADD}.Release|iPhone.Deploy.0 = Release|Any CPU
		{3CBCE775-9129-4F05-A2C7-5E2CF6446ADD}.Release|iPhoneSimulator.ActiveCfg = Release|Any CPU
		{3CBCE775-9129-4F05-A2C7-5E2CF6446ADD}.Release|iPhoneSimulator.Build.0 = Release|Any CPU
		{3CBCE775-9129-4F05-A2C7-5E2CF6446ADD}.Release|iPhoneSimulator.Deploy.0 = Release|Any CPU
		{3CBCE775-9129-4F05-A2C7-5E2CF6446ADD}.Release|x64.ActiveCfg = Release|Any CPU
		{3CBCE775-9129-4F05-A2C7-5E2CF6446ADD}.Release|x64.Build.0 = Release|Any CPU
		{3CBCE775-9129-4F05-A2C7-5E2CF6446ADD}.Release|x64.Deploy.0 = Release|Any CPU
		{3CBCE775-9129-4F05-A2C7-5E2CF6446ADD}.Release|x86.ActiveCfg = Release|Any CPU
		{3CBCE775-9129-4F05-A2C7-5E2CF6446ADD}.Release|x86.Build.0 = Release|Any CPU
		{3CBCE775-9129-4F05-A2C7-5E2CF6446ADD}.Release|x86.Deploy.0 = Release|Any CPU
		{A7E1389D-A442-4EBA-B93A-AB6501FFE213}.Ad-Hoc|Any CPU.ActiveCfg = Ad-Hoc|iPhone
		{A7E1389D-A442-4EBA-B93A-AB6501FFE213}.Ad-Hoc|ARM.ActiveCfg = Ad-Hoc|iPhone
		{A7E1389D-A442-4EBA-B93A-AB6501FFE213}.Ad-Hoc|iPhone.ActiveCfg = Ad-Hoc|iPhone
		{A7E1389D-A442-4EBA-B93A-AB6501FFE213}.Ad-Hoc|iPhone.Build.0 = Ad-Hoc|iPhone
		{A7E1389D-A442-4EBA-B93A-AB6501FFE213}.Ad-Hoc|iPhoneSimulator.ActiveCfg = Ad-Hoc|iPhoneSimulator
		{A7E1389D-A442-4EBA-B93A-AB6501FFE213}.Ad-Hoc|iPhoneSimulator.Build.0 = Ad-Hoc|iPhoneSimulator
		{A7E1389D-A442-4EBA-B93A-AB6501FFE213}.Ad-Hoc|x64.ActiveCfg = Ad-Hoc|iPhone
		{A7E1389D-A442-4EBA-B93A-AB6501FFE213}.Ad-Hoc|x86.ActiveCfg = Ad-Hoc|iPhone
		{A7E1389D-A442-4EBA-B93A-AB6501FFE213}.AppStore|Any CPU.ActiveCfg = AppStore|iPhone
		{A7E1389D-A442-4EBA-B93A-AB6501FFE213}.AppStore|ARM.ActiveCfg = AppStore|iPhone
		{A7E1389D-A442-4EBA-B93A-AB6501FFE213}.AppStore|iPhone.ActiveCfg = AppStore|iPhone
		{A7E1389D-A442-4EBA-B93A-AB6501FFE213}.AppStore|iPhone.Build.0 = AppStore|iPhone
		{A7E1389D-A442-4EBA-B93A-AB6501FFE213}.AppStore|iPhoneSimulator.ActiveCfg = AppStore|iPhoneSimulator
		{A7E1389D-A442-4EBA-B93A-AB6501FFE213}.AppStore|iPhoneSimulator.Build.0 = AppStore|iPhoneSimulator
		{A7E1389D-A442-4EBA-B93A-AB6501FFE213}.AppStore|x64.ActiveCfg = AppStore|iPhone
		{A7E1389D-A442-4EBA-B93A-AB6501FFE213}.AppStore|x86.ActiveCfg = AppStore|iPhone
		{A7E1389D-A442-4EBA-B93A-AB6501FFE213}.Debug|Any CPU.ActiveCfg = Debug|iPhone
		{A7E1389D-A442-4EBA-B93A-AB6501FFE213}.Debug|ARM.ActiveCfg = Debug|iPhone
		{A7E1389D-A442-4EBA-B93A-AB6501FFE213}.Debug|iPhone.ActiveCfg = Debug|iPhone
		{A7E1389D-A442-4EBA-B93A-AB6501FFE213}.Debug|iPhone.Build.0 = Debug|iPhone
		{A7E1389D-A442-4EBA-B93A-AB6501FFE213}.Debug|iPhoneSimulator.ActiveCfg = Debug|iPhoneSimulator
		{A7E1389D-A442-4EBA-B93A-AB6501FFE213}.Debug|iPhoneSimulator.Build.0 = Debug|iPhoneSimulator
		{A7E1389D-A442-4EBA-B93A-AB6501FFE213}.Debug|x64.ActiveCfg = Debug|iPhone
		{A7E1389D-A442-4EBA-B93A-AB6501FFE213}.Debug|x86.ActiveCfg = Debug|iPhone
		{A7E1389D-A442-4EBA-B93A-AB6501FFE213}.Release|Any CPU.ActiveCfg = Release|iPhone
		{A7E1389D-A442-4EBA-B93A-AB6501FFE213}.Release|ARM.ActiveCfg = Release|iPhone
		{A7E1389D-A442-4EBA-B93A-AB6501FFE213}.Release|iPhone.ActiveCfg = Release|iPhone
		{A7E1389D-A442-4EBA-B93A-AB6501FFE213}.Release|iPhone.Build.0 = Release|iPhone
		{A7E1389D-A442-4EBA-B93A-AB6501FFE213}.Release|iPhoneSimulator.ActiveCfg = Release|iPhoneSimulator
		{A7E1389D-A442-4EBA-B93A-AB6501FFE213}.Release|iPhoneSimulator.Build.0 = Release|iPhoneSimulator
		{A7E1389D-A442-4EBA-B93A-AB6501FFE213}.Release|x64.ActiveCfg = Release|iPhone
		{A7E1389D-A442-4EBA-B93A-AB6501FFE213}.Release|x86.ActiveCfg = Release|iPhone
		{139C3444-FE6C-482B-9D1E-FCA46B2A11E2}.Ad-Hoc|Any CPU.ActiveCfg = Release|Any CPU
		{139C3444-FE6C-482B-9D1E-FCA46B2A11E2}.Ad-Hoc|Any CPU.Build.0 = Release|Any CPU
		{139C3444-FE6C-482B-9D1E-FCA46B2A11E2}.Ad-Hoc|Any CPU.Deploy.0 = Release|Any CPU
		{139C3444-FE6C-482B-9D1E-FCA46B2A11E2}.Ad-Hoc|ARM.ActiveCfg = Release|ARM
		{139C3444-FE6C-482B-9D1E-FCA46B2A11E2}.Ad-Hoc|ARM.Build.0 = Release|ARM
		{139C3444-FE6C-482B-9D1E-FCA46B2A11E2}.Ad-Hoc|ARM.Deploy.0 = Release|ARM
		{139C3444-FE6C-482B-9D1E-FCA46B2A11E2}.Ad-Hoc|iPhone.ActiveCfg = Release|Any CPU
		{139C3444-FE6C-482B-9D1E-FCA46B2A11E2}.Ad-Hoc|iPhone.Build.0 = Release|Any CPU
		{139C3444-FE6C-482B-9D1E-FCA46B2A11E2}.Ad-Hoc|iPhone.Deploy.0 = Release|Any CPU
		{139C3444-FE6C-482B-9D1E-FCA46B2A11E2}.Ad-Hoc|iPhoneSimulator.ActiveCfg = Release|Any CPU
		{139C3444-FE6C-482B-9D1E-FCA46B2A11E2}.Ad-Hoc|iPhoneSimulator.Build.0 = Release|Any CPU
		{139C3444-FE6C-482B-9D1E-FCA46B2A11E2}.Ad-Hoc|iPhoneSimulator.Deploy.0 = Release|Any CPU
		{139C3444-FE6C-482B-9D1E-FCA46B2A11E2}.Ad-Hoc|x64.ActiveCfg = Release|Any CPU
		{139C3444-FE6C-482B-9D1E-FCA46B2A11E2}.Ad-Hoc|x64.Build.0 = Release|Any CPU
		{139C3444-FE6C-482B-9D1E-FCA46B2A11E2}.Ad-Hoc|x64.Deploy.0 = Release|Any CPU
		{139C3444-FE6C-482B-9D1E-FCA46B2A11E2}.Ad-Hoc|x86.ActiveCfg = Release|x86
		{139C3444-FE6C-482B-9D1E-FCA46B2A11E2}.Ad-Hoc|x86.Build.0 = Release|x86
		{139C3444-FE6C-482B-9D1E-FCA46B2A11E2}.Ad-Hoc|x86.Deploy.0 = Release|x86
		{139C3444-FE6C-482B-9D1E-FCA46B2A11E2}.AppStore|Any CPU.ActiveCfg = Release|Any CPU
		{139C3444-FE6C-482B-9D1E-FCA46B2A11E2}.AppStore|Any CPU.Build.0 = Release|Any CPU
		{139C3444-FE6C-482B-9D1E-FCA46B2A11E2}.AppStore|Any CPU.Deploy.0 = Release|Any CPU
		{139C3444-FE6C-482B-9D1E-FCA46B2A11E2}.AppStore|ARM.ActiveCfg = Release|ARM
		{139C3444-FE6C-482B-9D1E-FCA46B2A11E2}.AppStore|ARM.Build.0 = Release|ARM
		{139C3444-FE6C-482B-9D1E-FCA46B2A11E2}.AppStore|ARM.Deploy.0 = Release|ARM
		{139C3444-FE6C-482B-9D1E-FCA46B2A11E2}.AppStore|iPhone.ActiveCfg = Release|Any CPU
		{139C3444-FE6C-482B-9D1E-FCA46B2A11E2}.AppStore|iPhone.Build.0 = Release|Any CPU
		{139C3444-FE6C-482B-9D1E-FCA46B2A11E2}.AppStore|iPhone.Deploy.0 = Release|Any CPU
		{139C3444-FE6C-482B-9D1E-FCA46B2A11E2}.AppStore|iPhoneSimulator.ActiveCfg = Release|Any CPU
		{139C3444-FE6C-482B-9D1E-FCA46B2A11E2}.AppStore|iPhoneSimulator.Build.0 = Release|Any CPU
		{139C3444-FE6C-482B-9D1E-FCA46B2A11E2}.AppStore|iPhoneSimulator.Deploy.0 = Release|Any CPU
		{139C3444-FE6C-482B-9D1E-FCA46B2A11E2}.AppStore|x64.ActiveCfg = Release|Any CPU
		{139C3444-FE6C-482B-9D1E-FCA46B2A11E2}.AppStore|x64.Build.0 = Release|Any CPU
		{139C3444-FE6C-482B-9D1E-FCA46B2A11E2}.AppStore|x64.Deploy.0 = Release|Any CPU
		{139C3444-FE6C-482B-9D1E-FCA46B2A11E2}.AppStore|x86.ActiveCfg = Release|x86
		{139C3444-FE6C-482B-9D1E-FCA46B2A11E2}.AppStore|x86.Build.0 = Release|x86
		{139C3444-FE6C-482B-9D1E-FCA46B2A11E2}.AppStore|x86.Deploy.0 = Release|x86
		{139C3444-FE6C-482B-9D1E-FCA46B2A11E2}.Debug|Any CPU.ActiveCfg = Debug|Any CPU
		{139C3444-FE6C-482B-9D1E-FCA46B2A11E2}.Debug|Any CPU.Build.0 = Debug|Any CPU
		{139C3444-FE6C-482B-9D1E-FCA46B2A11E2}.Debug|Any CPU.Deploy.0 = Debug|Any CPU
		{139C3444-FE6C-482B-9D1E-FCA46B2A11E2}.Debug|ARM.ActiveCfg = Debug|ARM
		{139C3444-FE6C-482B-9D1E-FCA46B2A11E2}.Debug|ARM.Build.0 = Debug|ARM
		{139C3444-FE6C-482B-9D1E-FCA46B2A11E2}.Debug|ARM.Deploy.0 = Debug|ARM
		{139C3444-FE6C-482B-9D1E-FCA46B2A11E2}.Debug|iPhone.ActiveCfg = Debug|Any CPU
		{139C3444-FE6C-482B-9D1E-FCA46B2A11E2}.Debug|iPhone.Build.0 = Debug|Any CPU
		{139C3444-FE6C-482B-9D1E-FCA46B2A11E2}.Debug|iPhone.Deploy.0 = Debug|Any CPU
		{139C3444-FE6C-482B-9D1E-FCA46B2A11E2}.Debug|iPhoneSimulator.ActiveCfg = Debug|Any CPU
		{139C3444-FE6C-482B-9D1E-FCA46B2A11E2}.Debug|iPhoneSimulator.Build.0 = Debug|Any CPU
		{139C3444-FE6C-482B-9D1E-FCA46B2A11E2}.Debug|iPhoneSimulator.Deploy.0 = Debug|Any CPU
		{139C3444-FE6C-482B-9D1E-FCA46B2A11E2}.Debug|x64.ActiveCfg = Debug|Any CPU
		{139C3444-FE6C-482B-9D1E-FCA46B2A11E2}.Debug|x64.Build.0 = Debug|Any CPU
		{139C3444-FE6C-482B-9D1E-FCA46B2A11E2}.Debug|x64.Deploy.0 = Debug|Any CPU
		{139C3444-FE6C-482B-9D1E-FCA46B2A11E2}.Debug|x86.ActiveCfg = Debug|x86
		{139C3444-FE6C-482B-9D1E-FCA46B2A11E2}.Debug|x86.Build.0 = Debug|x86
		{139C3444-FE6C-482B-9D1E-FCA46B2A11E2}.Debug|x86.Deploy.0 = Debug|x86
		{139C3444-FE6C-482B-9D1E-FCA46B2A11E2}.Release|Any CPU.ActiveCfg = Release|Any CPU
		{139C3444-FE6C-482B-9D1E-FCA46B2A11E2}.Release|Any CPU.Build.0 = Release|Any CPU
		{139C3444-FE6C-482B-9D1E-FCA46B2A11E2}.Release|Any CPU.Deploy.0 = Release|Any CPU
		{139C3444-FE6C-482B-9D1E-FCA46B2A11E2}.Release|ARM.ActiveCfg = Release|ARM
		{139C3444-FE6C-482B-9D1E-FCA46B2A11E2}.Release|ARM.Build.0 = Release|ARM
		{139C3444-FE6C-482B-9D1E-FCA46B2A11E2}.Release|ARM.Deploy.0 = Release|ARM
		{139C3444-FE6C-482B-9D1E-FCA46B2A11E2}.Release|iPhone.ActiveCfg = Release|Any CPU
		{139C3444-FE6C-482B-9D1E-FCA46B2A11E2}.Release|iPhone.Build.0 = Release|Any CPU
		{139C3444-FE6C-482B-9D1E-FCA46B2A11E2}.Release|iPhone.Deploy.0 = Release|Any CPU
		{139C3444-FE6C-482B-9D1E-FCA46B2A11E2}.Release|iPhoneSimulator.ActiveCfg = Release|Any CPU
		{139C3444-FE6C-482B-9D1E-FCA46B2A11E2}.Release|iPhoneSimulator.Build.0 = Release|Any CPU
		{139C3444-FE6C-482B-9D1E-FCA46B2A11E2}.Release|iPhoneSimulator.Deploy.0 = Release|Any CPU
		{139C3444-FE6C-482B-9D1E-FCA46B2A11E2}.Release|x64.ActiveCfg = Release|Any CPU
		{139C3444-FE6C-482B-9D1E-FCA46B2A11E2}.Release|x64.Build.0 = Release|Any CPU
		{139C3444-FE6C-482B-9D1E-FCA46B2A11E2}.Release|x64.Deploy.0 = Release|Any CPU
		{139C3444-FE6C-482B-9D1E-FCA46B2A11E2}.Release|x86.ActiveCfg = Release|x86
		{139C3444-FE6C-482B-9D1E-FCA46B2A11E2}.Release|x86.Build.0 = Release|x86
		{139C3444-FE6C-482B-9D1E-FCA46B2A11E2}.Release|x86.Deploy.0 = Release|x86
		{7ACF1C09-4A68-4273-9A9C-850E862EF38E}.Ad-Hoc|Any CPU.ActiveCfg = Release|x86
		{7ACF1C09-4A68-4273-9A9C-850E862EF38E}.Ad-Hoc|Any CPU.Build.0 = Release|x86
		{7ACF1C09-4A68-4273-9A9C-850E862EF38E}.Ad-Hoc|Any CPU.Deploy.0 = Release|x86
		{7ACF1C09-4A68-4273-9A9C-850E862EF38E}.Ad-Hoc|ARM.ActiveCfg = Release|ARM
		{7ACF1C09-4A68-4273-9A9C-850E862EF38E}.Ad-Hoc|ARM.Build.0 = Release|ARM
		{7ACF1C09-4A68-4273-9A9C-850E862EF38E}.Ad-Hoc|ARM.Deploy.0 = Release|ARM
		{7ACF1C09-4A68-4273-9A9C-850E862EF38E}.Ad-Hoc|iPhone.ActiveCfg = Release|x86
		{7ACF1C09-4A68-4273-9A9C-850E862EF38E}.Ad-Hoc|iPhone.Build.0 = Release|x86
		{7ACF1C09-4A68-4273-9A9C-850E862EF38E}.Ad-Hoc|iPhone.Deploy.0 = Release|x86
		{7ACF1C09-4A68-4273-9A9C-850E862EF38E}.Ad-Hoc|iPhoneSimulator.ActiveCfg = Release|x86
		{7ACF1C09-4A68-4273-9A9C-850E862EF38E}.Ad-Hoc|iPhoneSimulator.Build.0 = Release|x86
		{7ACF1C09-4A68-4273-9A9C-850E862EF38E}.Ad-Hoc|iPhoneSimulator.Deploy.0 = Release|x86
		{7ACF1C09-4A68-4273-9A9C-850E862EF38E}.Ad-Hoc|x64.ActiveCfg = Release|x64
		{7ACF1C09-4A68-4273-9A9C-850E862EF38E}.Ad-Hoc|x64.Build.0 = Release|x64
		{7ACF1C09-4A68-4273-9A9C-850E862EF38E}.Ad-Hoc|x64.Deploy.0 = Release|x64
		{7ACF1C09-4A68-4273-9A9C-850E862EF38E}.Ad-Hoc|x86.ActiveCfg = Release|x86
		{7ACF1C09-4A68-4273-9A9C-850E862EF38E}.Ad-Hoc|x86.Build.0 = Release|x86
		{7ACF1C09-4A68-4273-9A9C-850E862EF38E}.Ad-Hoc|x86.Deploy.0 = Release|x86
		{7ACF1C09-4A68-4273-9A9C-850E862EF38E}.AppStore|Any CPU.ActiveCfg = Release|x86
		{7ACF1C09-4A68-4273-9A9C-850E862EF38E}.AppStore|Any CPU.Build.0 = Release|x86
		{7ACF1C09-4A68-4273-9A9C-850E862EF38E}.AppStore|Any CPU.Deploy.0 = Release|x86
		{7ACF1C09-4A68-4273-9A9C-850E862EF38E}.AppStore|ARM.ActiveCfg = Release|ARM
		{7ACF1C09-4A68-4273-9A9C-850E862EF38E}.AppStore|ARM.Build.0 = Release|ARM
		{7ACF1C09-4A68-4273-9A9C-850E862EF38E}.AppStore|ARM.Deploy.0 = Release|ARM
		{7ACF1C09-4A68-4273-9A9C-850E862EF38E}.AppStore|iPhone.ActiveCfg = Release|x86
		{7ACF1C09-4A68-4273-9A9C-850E862EF38E}.AppStore|iPhone.Build.0 = Release|x86
		{7ACF1C09-4A68-4273-9A9C-850E862EF38E}.AppStore|iPhone.Deploy.0 = Release|x86
		{7ACF1C09-4A68-4273-9A9C-850E862EF38E}.AppStore|iPhoneSimulator.ActiveCfg = Release|x86
		{7ACF1C09-4A68-4273-9A9C-850E862EF38E}.AppStore|iPhoneSimulator.Build.0 = Release|x86
		{7ACF1C09-4A68-4273-9A9C-850E862EF38E}.AppStore|iPhoneSimulator.Deploy.0 = Release|x86
		{7ACF1C09-4A68-4273-9A9C-850E862EF38E}.AppStore|x64.ActiveCfg = Release|x64
		{7ACF1C09-4A68-4273-9A9C-850E862EF38E}.AppStore|x64.Build.0 = Release|x64
		{7ACF1C09-4A68-4273-9A9C-850E862EF38E}.AppStore|x64.Deploy.0 = Release|x64
		{7ACF1C09-4A68-4273-9A9C-850E862EF38E}.AppStore|x86.ActiveCfg = Release|x86
		{7ACF1C09-4A68-4273-9A9C-850E862EF38E}.AppStore|x86.Build.0 = Release|x86
		{7ACF1C09-4A68-4273-9A9C-850E862EF38E}.AppStore|x86.Deploy.0 = Release|x86
		{7ACF1C09-4A68-4273-9A9C-850E862EF38E}.Debug|Any CPU.ActiveCfg = Debug|x86
		{7ACF1C09-4A68-4273-9A9C-850E862EF38E}.Debug|ARM.ActiveCfg = Debug|ARM
		{7ACF1C09-4A68-4273-9A9C-850E862EF38E}.Debug|ARM.Build.0 = Debug|ARM
		{7ACF1C09-4A68-4273-9A9C-850E862EF38E}.Debug|ARM.Deploy.0 = Debug|ARM
		{7ACF1C09-4A68-4273-9A9C-850E862EF38E}.Debug|iPhone.ActiveCfg = Debug|x86
		{7ACF1C09-4A68-4273-9A9C-850E862EF38E}.Debug|iPhoneSimulator.ActiveCfg = Debug|x86
		{7ACF1C09-4A68-4273-9A9C-850E862EF38E}.Debug|x64.ActiveCfg = Debug|x64
		{7ACF1C09-4A68-4273-9A9C-850E862EF38E}.Debug|x64.Build.0 = Debug|x64
		{7ACF1C09-4A68-4273-9A9C-850E862EF38E}.Debug|x64.Deploy.0 = Debug|x64
		{7ACF1C09-4A68-4273-9A9C-850E862EF38E}.Debug|x86.ActiveCfg = Debug|x86
		{7ACF1C09-4A68-4273-9A9C-850E862EF38E}.Debug|x86.Build.0 = Debug|x86
		{7ACF1C09-4A68-4273-9A9C-850E862EF38E}.Debug|x86.Deploy.0 = Debug|x86
		{7ACF1C09-4A68-4273-9A9C-850E862EF38E}.Release|Any CPU.ActiveCfg = Release|x86
		{7ACF1C09-4A68-4273-9A9C-850E862EF38E}.Release|ARM.ActiveCfg = Release|ARM
		{7ACF1C09-4A68-4273-9A9C-850E862EF38E}.Release|ARM.Build.0 = Release|ARM
		{7ACF1C09-4A68-4273-9A9C-850E862EF38E}.Release|ARM.Deploy.0 = Release|ARM
		{7ACF1C09-4A68-4273-9A9C-850E862EF38E}.Release|iPhone.ActiveCfg = Release|x86
		{7ACF1C09-4A68-4273-9A9C-850E862EF38E}.Release|iPhoneSimulator.ActiveCfg = Release|x86
		{7ACF1C09-4A68-4273-9A9C-850E862EF38E}.Release|x64.ActiveCfg = Release|x64
		{7ACF1C09-4A68-4273-9A9C-850E862EF38E}.Release|x64.Build.0 = Release|x64
		{7ACF1C09-4A68-4273-9A9C-850E862EF38E}.Release|x64.Deploy.0 = Release|x64
		{7ACF1C09-4A68-4273-9A9C-850E862EF38E}.Release|x86.ActiveCfg = Release|x86
		{7ACF1C09-4A68-4273-9A9C-850E862EF38E}.Release|x86.Build.0 = Release|x86
		{7ACF1C09-4A68-4273-9A9C-850E862EF38E}.Release|x86.Deploy.0 = Release|x86
		{29CD4F27-901B-4F02-8BCF-D1591690B54A}.Ad-Hoc|Any CPU.ActiveCfg = Release|Any CPU
		{29CD4F27-901B-4F02-8BCF-D1591690B54A}.Ad-Hoc|Any CPU.Build.0 = Release|Any CPU
		{29CD4F27-901B-4F02-8BCF-D1591690B54A}.Ad-Hoc|Any CPU.Deploy.0 = Release|Any CPU
		{29CD4F27-901B-4F02-8BCF-D1591690B54A}.Ad-Hoc|ARM.ActiveCfg = Release|ARM
		{29CD4F27-901B-4F02-8BCF-D1591690B54A}.Ad-Hoc|ARM.Build.0 = Release|ARM
		{29CD4F27-901B-4F02-8BCF-D1591690B54A}.Ad-Hoc|ARM.Deploy.0 = Release|ARM
		{29CD4F27-901B-4F02-8BCF-D1591690B54A}.Ad-Hoc|iPhone.ActiveCfg = Release|Any CPU
		{29CD4F27-901B-4F02-8BCF-D1591690B54A}.Ad-Hoc|iPhone.Build.0 = Release|Any CPU
		{29CD4F27-901B-4F02-8BCF-D1591690B54A}.Ad-Hoc|iPhone.Deploy.0 = Release|Any CPU
		{29CD4F27-901B-4F02-8BCF-D1591690B54A}.Ad-Hoc|iPhoneSimulator.ActiveCfg = Release|Any CPU
		{29CD4F27-901B-4F02-8BCF-D1591690B54A}.Ad-Hoc|iPhoneSimulator.Build.0 = Release|Any CPU
		{29CD4F27-901B-4F02-8BCF-D1591690B54A}.Ad-Hoc|iPhoneSimulator.Deploy.0 = Release|Any CPU
		{29CD4F27-901B-4F02-8BCF-D1591690B54A}.Ad-Hoc|x64.ActiveCfg = Release|x64
		{29CD4F27-901B-4F02-8BCF-D1591690B54A}.Ad-Hoc|x64.Build.0 = Release|x64
		{29CD4F27-901B-4F02-8BCF-D1591690B54A}.Ad-Hoc|x64.Deploy.0 = Release|x64
		{29CD4F27-901B-4F02-8BCF-D1591690B54A}.Ad-Hoc|x86.ActiveCfg = Release|x86
		{29CD4F27-901B-4F02-8BCF-D1591690B54A}.Ad-Hoc|x86.Build.0 = Release|x86
		{29CD4F27-901B-4F02-8BCF-D1591690B54A}.Ad-Hoc|x86.Deploy.0 = Release|x86
		{29CD4F27-901B-4F02-8BCF-D1591690B54A}.AppStore|Any CPU.ActiveCfg = Release|Any CPU
		{29CD4F27-901B-4F02-8BCF-D1591690B54A}.AppStore|Any CPU.Build.0 = Release|Any CPU
		{29CD4F27-901B-4F02-8BCF-D1591690B54A}.AppStore|Any CPU.Deploy.0 = Release|Any CPU
		{29CD4F27-901B-4F02-8BCF-D1591690B54A}.AppStore|ARM.ActiveCfg = Release|ARM
		{29CD4F27-901B-4F02-8BCF-D1591690B54A}.AppStore|ARM.Build.0 = Release|ARM
		{29CD4F27-901B-4F02-8BCF-D1591690B54A}.AppStore|ARM.Deploy.0 = Release|ARM
		{29CD4F27-901B-4F02-8BCF-D1591690B54A}.AppStore|iPhone.ActiveCfg = Release|Any CPU
		{29CD4F27-901B-4F02-8BCF-D1591690B54A}.AppStore|iPhone.Build.0 = Release|Any CPU
		{29CD4F27-901B-4F02-8BCF-D1591690B54A}.AppStore|iPhone.Deploy.0 = Release|Any CPU
		{29CD4F27-901B-4F02-8BCF-D1591690B54A}.AppStore|iPhoneSimulator.ActiveCfg = Release|Any CPU
		{29CD4F27-901B-4F02-8BCF-D1591690B54A}.AppStore|iPhoneSimulator.Build.0 = Release|Any CPU
		{29CD4F27-901B-4F02-8BCF-D1591690B54A}.AppStore|iPhoneSimulator.Deploy.0 = Release|Any CPU
		{29CD4F27-901B-4F02-8BCF-D1591690B54A}.AppStore|x64.ActiveCfg = Release|x64
		{29CD4F27-901B-4F02-8BCF-D1591690B54A}.AppStore|x64.Build.0 = Release|x64
		{29CD4F27-901B-4F02-8BCF-D1591690B54A}.AppStore|x64.Deploy.0 = Release|x64
		{29CD4F27-901B-4F02-8BCF-D1591690B54A}.AppStore|x86.ActiveCfg = Release|x86
		{29CD4F27-901B-4F02-8BCF-D1591690B54A}.AppStore|x86.Build.0 = Release|x86
		{29CD4F27-901B-4F02-8BCF-D1591690B54A}.AppStore|x86.Deploy.0 = Release|x86
		{29CD4F27-901B-4F02-8BCF-D1591690B54A}.Debug|Any CPU.ActiveCfg = Debug|Any CPU
		{29CD4F27-901B-4F02-8BCF-D1591690B54A}.Debug|Any CPU.Build.0 = Debug|Any CPU
		{29CD4F27-901B-4F02-8BCF-D1591690B54A}.Debug|Any CPU.Deploy.0 = Debug|Any CPU
		{29CD4F27-901B-4F02-8BCF-D1591690B54A}.Debug|ARM.ActiveCfg = Debug|ARM
		{29CD4F27-901B-4F02-8BCF-D1591690B54A}.Debug|ARM.Build.0 = Debug|ARM
		{29CD4F27-901B-4F02-8BCF-D1591690B54A}.Debug|ARM.Deploy.0 = Debug|ARM
		{29CD4F27-901B-4F02-8BCF-D1591690B54A}.Debug|iPhone.ActiveCfg = Debug|Any CPU
		{29CD4F27-901B-4F02-8BCF-D1591690B54A}.Debug|iPhone.Build.0 = Debug|Any CPU
		{29CD4F27-901B-4F02-8BCF-D1591690B54A}.Debug|iPhone.Deploy.0 = Debug|Any CPU
		{29CD4F27-901B-4F02-8BCF-D1591690B54A}.Debug|iPhoneSimulator.ActiveCfg = Debug|Any CPU
		{29CD4F27-901B-4F02-8BCF-D1591690B54A}.Debug|iPhoneSimulator.Build.0 = Debug|Any CPU
		{29CD4F27-901B-4F02-8BCF-D1591690B54A}.Debug|iPhoneSimulator.Deploy.0 = Debug|Any CPU
		{29CD4F27-901B-4F02-8BCF-D1591690B54A}.Debug|x64.ActiveCfg = Debug|x64
		{29CD4F27-901B-4F02-8BCF-D1591690B54A}.Debug|x64.Build.0 = Debug|x64
		{29CD4F27-901B-4F02-8BCF-D1591690B54A}.Debug|x64.Deploy.0 = Debug|x64
		{29CD4F27-901B-4F02-8BCF-D1591690B54A}.Debug|x86.ActiveCfg = Debug|x86
		{29CD4F27-901B-4F02-8BCF-D1591690B54A}.Debug|x86.Build.0 = Debug|x86
		{29CD4F27-901B-4F02-8BCF-D1591690B54A}.Debug|x86.Deploy.0 = Debug|x86
		{29CD4F27-901B-4F02-8BCF-D1591690B54A}.Release|Any CPU.ActiveCfg = Release|Any CPU
		{29CD4F27-901B-4F02-8BCF-D1591690B54A}.Release|Any CPU.Build.0 = Release|Any CPU
		{29CD4F27-901B-4F02-8BCF-D1591690B54A}.Release|Any CPU.Deploy.0 = Release|Any CPU
		{29CD4F27-901B-4F02-8BCF-D1591690B54A}.Release|ARM.ActiveCfg = Release|ARM
		{29CD4F27-901B-4F02-8BCF-D1591690B54A}.Release|ARM.Build.0 = Release|ARM
		{29CD4F27-901B-4F02-8BCF-D1591690B54A}.Release|ARM.Deploy.0 = Release|ARM
		{29CD4F27-901B-4F02-8BCF-D1591690B54A}.Release|iPhone.ActiveCfg = Release|Any CPU
		{29CD4F27-901B-4F02-8BCF-D1591690B54A}.Release|iPhone.Build.0 = Release|Any CPU
		{29CD4F27-901B-4F02-8BCF-D1591690B54A}.Release|iPhone.Deploy.0 = Release|Any CPU
		{29CD4F27-901B-4F02-8BCF-D1591690B54A}.Release|iPhoneSimulator.ActiveCfg = Release|Any CPU
		{29CD4F27-901B-4F02-8BCF-D1591690B54A}.Release|iPhoneSimulator.Build.0 = Release|Any CPU
		{29CD4F27-901B-4F02-8BCF-D1591690B54A}.Release|iPhoneSimulator.Deploy.0 = Release|Any CPU
		{29CD4F27-901B-4F02-8BCF-D1591690B54A}.Release|x64.ActiveCfg = Release|x64
		{29CD4F27-901B-4F02-8BCF-D1591690B54A}.Release|x64.Build.0 = Release|x64
		{29CD4F27-901B-4F02-8BCF-D1591690B54A}.Release|x64.Deploy.0 = Release|x64
		{29CD4F27-901B-4F02-8BCF-D1591690B54A}.Release|x86.ActiveCfg = Release|x86
		{29CD4F27-901B-4F02-8BCF-D1591690B54A}.Release|x86.Build.0 = Release|x86
		{29CD4F27-901B-4F02-8BCF-D1591690B54A}.Release|x86.Deploy.0 = Release|x86
	EndGlobalSection
	GlobalSection(SolutionProperties) = preSolution
		HideSolutionNode = FALSE
	EndGlobalSection
EndGlobal
